{
  "version": 4,
  "terraform_version": "0.15.0",
  "serial": 81,
  "lineage": "efbb5180-cfda-10ea-b798-045a7d897c5e",
  "outputs": {},
  "resources": [
    {
      "module": "module.my-cluster",
      "mode": "managed",
      "type": "aws_eks_cluster",
      "name": "this",
      "provider": "provider[\"registry.terraform.io/hashicorp/aws\"]",
      "instances": [
        {
          "index_key": 0,
          "schema_version": 0,
          "attributes": {
            "arn": "arn:aws:eks:us-east-1:378344169585:cluster/testing",
            "certificate_authority": [
              {
                "data": "LS0tLS1CRUdJTiBDRVJUSUZJQ0FURS0tLS0tCk1JSUN5RENDQWJDZ0F3SUJBZ0lCQURBTkJna3Foa2lHOXcwQkFRc0ZBREFWTVJNd0VRWURWUVFERXdwcmRXSmwKY201bGRHVnpNQjRYRFRJeE1EVXlOakEzTkRReU9Wb1hEVE14TURVeU5EQTNORFF5T1Zvd0ZURVRNQkVHQTFVRQpBeE1LYTNWaVpYSnVaWFJsY3pDQ0FTSXdEUVlKS29aSWh2Y05BUUVCQlFBRGdnRVBBRENDQVFvQ2dnRUJBTW9DCjRVTkdsRVE5RVljTlA1THAwY3UyejJKU0hocVVRK0R4MnYyU2N2UkJndVo2SldJcUNQczZqQU4vVmJNbHNxQ0gKUEVhRE9kNEhKSVAxNHJBNElWb0NDaGpGU29kOExWYXZvVDVMQS9yL1VINTczalZ0V0VPbTZSbC94c0VUd0FtYQpmMUxoM29rUmp6MENRVW9iL2pIcDIzVVRCcS9NUnh2cXo4TTBmYmtYYnFJcFlGbTRWRU95cm5BbjRkQXRWVzBCCllKVGptNnp0M3hyTTUxWEtHaWVkMDBFT2tlMHBhZUpha0JSSlFheDkybkI0bDJpbWFCd2xVbzFHSDdMZVFDdU8KWWZYS3A5OGJaWGY5VEZKSEMvZHhyOENMS1dnNHRiODdXRVdKVEh5OFpxOE5mOFV4Y3FJdlp0Q21rUmMyR29MeQozKytxTldsQXRhUytJSUVlYnVjQ0F3RUFBYU1qTUNFd0RnWURWUjBQQVFIL0JBUURBZ0trTUE4R0ExVWRFd0VCCi93UUZNQU1CQWY4d0RRWUpLb1pJaHZjTkFRRUxCUUFEZ2dFQkFMQTgwYkVPQWE1Tmx2WEJnMjR4RG4vZzFoUHoKSHZjSjRGbDhvQXJtckMyU2kra0YreUUvMVVKL0VvdHhzNlNqbW1lbHNUUGFRNlZwMTRvc1hMU01aeE9YOHJZeAo1OTVVL0RKSkgrcEFMNm1JM3cvaER5T2l5RDNxRW56QjAzdGo1RDVDT3NtNUdRMkwyVHVzOWtNZTJCelRrdVZSCk5UYVlEV0NsMSttdExqa2tWeGQxVTVqWkhRZEpXeHJ2RWV4WU5JSzM2dVRoSk94VjhqOWNpcFc0a1dNV01VTm4KZi9KWHN2R2J5QkJwckdPL2JCOGI5VGhiUWNEdTlDN01YUUNQWC9Wek94UFoxQTJzL3lxQUhncFZ4bEc2QnlaYQpFRHc4b3ZCc0NtdVBRNDAyZDZMSXBOM0xHcnAzQWZEblpjd1h4bnRnQlZ2d0krZG95L2g1Vjh4M2c5dz0KLS0tLS1FTkQgQ0VSVElGSUNBVEUtLS0tLQo="
              }
            ],
            "created_at": "2021-05-26 07:38:08.982 +0000 UTC",
            "enabled_cluster_log_types": [],
            "encryption_config": [],
            "endpoint": "https://83CE57A15F778BA461F89918DA8A8FF9.gr7.us-east-1.eks.amazonaws.com",
            "id": "testing",
            "identity": [
              {
                "oidc": [
                  {
                    "issuer": "https://oidc.eks.us-east-1.amazonaws.com/id/83CE57A15F778BA461F89918DA8A8FF9"
                  }
                ]
              }
            ],
            "kubernetes_network_config": [
              {
                "service_ipv4_cidr": "172.20.0.0/16"
              }
            ],
            "name": "testing",
            "platform_version": "eks.8",
            "role_arn": "arn:aws:iam::378344169585:role/testing20210526073724173100000003",
            "status": "ACTIVE",
            "tags": {},
            "tags_all": {},
            "timeouts": {
              "create": "1h",
              "delete": "15m",
              "update": null
            },
            "version": "1.17",
            "vpc_config": [
              {
                "cluster_security_group_id": "sg-02e48f518c79d0b35",
                "endpoint_private_access": true,
                "endpoint_public_access": true,
                "public_access_cidrs": [
                  "0.0.0.0/0"
                ],
                "security_group_ids": [
                  "sg-08043171e8d8183b3"
                ],
                "subnet_ids": [
                  "subnet-081189bcc5983e952",
                  "subnet-09a2d652578d5dc10",
                  "subnet-0c0ad544f9e4482cb"
                ],
                "vpc_id": "vpc-0ae3580bef7de2970"
              }
            ]
          },
          "sensitive_attributes": [],
          "private": "eyJlMmJmYjczMC1lY2FhLTExZTYtOGY4OC0zNDM2M2JjN2M0YzAiOnsiY3JlYXRlIjozNjAwMDAwMDAwMDAwLCJkZWxldGUiOjkwMDAwMDAwMDAwMCwidXBkYXRlIjozNjAwMDAwMDAwMDAwfX0=",
          "dependencies": [
            "module.my-cluster.aws_cloudwatch_log_group.this",
            "module.vpc.aws_route_table.elasticache",
            "module.vpc.aws_subnet.elasticache",
            "module.my-cluster.aws_iam_role_policy_attachment.cluster_AmazonEKSServicePolicy",
            "module.my-cluster.data.aws_iam_role.custom_cluster_iam_role",
            "module.vpc.aws_flow_log.this",
            "module.vpc.aws_route_table.intra",
            "module.vpc.aws_subnet.outpost",
            "module.my-cluster.data.aws_iam_policy_document.cluster_assume_role_policy",
            "module.vpc.aws_route.public_internet_gateway",
            "module.vpc.aws_route_table_association.redshift_public",
            "module.vpc.aws_nat_gateway.this",
            "module.vpc.aws_network_acl_rule.outpost_outbound",
            "module.vpc.aws_route_table_association.redshift",
            "module.vpc.aws_db_subnet_group.database",
            "module.vpc.aws_iam_policy.vpc_flow_log_cloudwatch",
            "module.vpc.aws_network_acl_rule.intra_inbound",
            "module.vpc.aws_route_table.database",
            "module.vpc.aws_route_table_association.public",
            "module.my-cluster.aws_iam_role_policy_attachment.cluster_AmazonEKSClusterPolicy",
            "module.vpc.aws_network_acl_rule.database_outbound",
            "module.vpc.aws_default_security_group.this",
            "module.vpc.aws_network_acl_rule.outpost_inbound",
            "module.vpc.aws_network_acl_rule.redshift_inbound",
            "module.vpc.aws_route_table_association.outpost",
            "module.vpc.aws_vpn_gateway_route_propagation.intra",
            "module.my-cluster.aws_security_group.cluster",
            "module.vpc.aws_customer_gateway.this",
            "module.vpc.aws_default_route_table.default",
            "module.vpc.aws_iam_role_policy_attachment.vpc_flow_log_cloudwatch",
            "module.vpc.aws_network_acl.database",
            "module.vpc.aws_network_acl.redshift",
            "module.vpc.aws_subnet.redshift",
            "module.vpc.aws_network_acl_rule.elasticache_outbound",
            "module.vpc.aws_route_table.redshift",
            "module.vpc.aws_route_table_association.intra",
            "module.vpc.data.aws_iam_policy_document.flow_log_cloudwatch_assume_role",
            "module.vpc.aws_egress_only_internet_gateway.this",
            "module.vpc.aws_eip.nat",
            "module.vpc.aws_network_acl_rule.public_inbound",
            "module.vpc.aws_route.database_ipv6_egress",
            "module.vpc.data.aws_iam_policy_document.vpc_flow_log_cloudwatch",
            "module.my-cluster.aws_security_group_rule.cluster_egress_internet",
            "module.vpc.aws_elasticache_subnet_group.elasticache",
            "module.vpc.aws_network_acl.private",
            "module.vpc.aws_network_acl.public",
            "module.vpc.aws_vpn_gateway.this",
            "module.vpc.aws_cloudwatch_log_group.flow_log",
            "module.vpc.aws_network_acl_rule.redshift_outbound",
            "module.vpc.aws_route.private_ipv6_egress",
            "module.vpc.aws_route_table.public",
            "module.vpc.aws_route_table_association.database",
            "module.my-cluster.aws_security_group.workers",
            "module.vpc.aws_iam_role.vpc_flow_log_cloudwatch",
            "module.vpc.aws_network_acl_rule.elasticache_inbound",
            "module.vpc.aws_network_acl_rule.intra_outbound",
            "module.vpc.aws_route_table_association.elasticache",
            "module.vpc.aws_subnet.public",
            "module.vpc.aws_vpc_dhcp_options_association.this",
            "module.vpc.aws_vpn_gateway_route_propagation.private",
            "module.vpc.aws_vpn_gateway_route_propagation.public",
            "module.my-cluster.aws_security_group_rule.cluster_https_worker_ingress",
            "module.vpc.aws_network_acl.intra",
            "module.vpc.aws_network_acl_rule.database_inbound",
            "module.vpc.aws_network_acl_rule.private_outbound",
            "module.vpc.aws_network_acl_rule.public_outbound",
            "module.vpc.aws_vpc.this",
            "module.vpc.aws_vpc_ipv4_cidr_block_association.this",
            "module.vpc.aws_vpn_gateway_attachment.this",
            "module.my-cluster.aws_iam_role.cluster",
            "module.vpc.aws_default_network_acl.this",
            "module.vpc.aws_default_vpc.this",
            "module.vpc.aws_internet_gateway.this",
            "module.vpc.aws_network_acl.elasticache",
            "module.vpc.aws_network_acl.outpost",
            "module.vpc.aws_network_acl_rule.private_inbound",
            "module.vpc.aws_redshift_subnet_group.redshift",
            "module.vpc.aws_route.database_internet_gateway",
            "module.vpc.aws_route.public_internet_gateway_ipv6",
            "module.vpc.aws_route_table.private",
            "module.vpc.aws_subnet.database",
            "module.my-cluster.aws_iam_role_policy_attachment.cluster_AmazonEKSVPCResourceControllerPolicy",
            "module.my-cluster.data.aws_partition.current",
            "module.vpc.aws_route.database_nat_gateway",
            "module.vpc.aws_route.private_nat_gateway",
            "module.vpc.aws_route_table_association.private",
            "module.vpc.aws_subnet.intra",
            "module.vpc.aws_subnet.private",
            "module.vpc.aws_vpc_dhcp_options.this"
          ],
          "create_before_destroy": true
        }
      ]
    },
    {
      "module": "module.my-cluster",
      "mode": "managed",
      "type": "aws_iam_role",
      "name": "cluster",
      "provider": "provider[\"registry.terraform.io/hashicorp/aws\"]",
      "instances": [
        {
          "index_key": 0,
          "schema_version": 0,
          "attributes": {
            "arn": "arn:aws:iam::378344169585:role/testing20210526073724173100000003",
            "assume_role_policy": "{\"Version\":\"2012-10-17\",\"Statement\":[{\"Sid\":\"EKSClusterAssumeRole\",\"Effect\":\"Allow\",\"Principal\":{\"Service\":\"eks.amazonaws.com\"},\"Action\":\"sts:AssumeRole\"}]}",
            "create_date": "2021-05-26T07:37:26Z",
            "description": "",
            "force_detach_policies": true,
            "id": "testing20210526073724173100000003",
            "inline_policy": [
              {
                "name": "",
                "policy": ""
              }
            ],
            "managed_policy_arns": [
              "arn:aws:iam::378344169585:policy/testing-elb-sl-role-creation20210526073724268800000004",
              "arn:aws:iam::aws:policy/AmazonEKSClusterPolicy",
              "arn:aws:iam::aws:policy/AmazonEKSServicePolicy",
              "arn:aws:iam::aws:policy/AmazonEKSVPCResourceController"
            ],
            "max_session_duration": 3600,
            "name": "testing20210526073724173100000003",
            "name_prefix": "testing",
            "path": "/",
            "permissions_boundary": null,
            "tags": {},
            "tags_all": {},
            "unique_id": "AROAVQFYR4BYQMTZVXDMT"
          },
          "sensitive_attributes": [],
          "private": "bnVsbA==",
          "dependencies": [
            "module.vpc.aws_route_table_association.redshift",
            "module.vpc.aws_route_table_association.redshift_public",
            "module.vpc.aws_elasticache_subnet_group.elasticache",
            "module.vpc.aws_network_acl_rule.public_outbound",
            "module.vpc.aws_redshift_subnet_group.redshift",
            "module.vpc.aws_route_table.private",
            "module.vpc.aws_subnet.intra",
            "module.vpc.aws_vpc_dhcp_options_association.this",
            "module.vpc.aws_vpn_gateway.this",
            "module.vpc.aws_vpn_gateway_attachment.this",
            "module.vpc.aws_egress_only_internet_gateway.this",
            "module.vpc.aws_iam_role_policy_attachment.vpc_flow_log_cloudwatch",
            "module.vpc.aws_route.public_internet_gateway_ipv6",
            "module.vpc.aws_route_table_association.private",
            "module.vpc.aws_vpn_gateway_route_propagation.public",
            "module.vpc.aws_route_table_association.outpost",
            "module.vpc.aws_network_acl_rule.intra_outbound",
            "module.vpc.aws_network_acl_rule.outpost_inbound",
            "module.vpc.aws_network_acl_rule.outpost_outbound",
            "module.vpc.aws_route_table.intra",
            "module.vpc.aws_subnet.private",
            "module.vpc.aws_eip.nat",
            "module.vpc.aws_internet_gateway.this",
            "module.vpc.aws_route.database_internet_gateway",
            "module.vpc.aws_route.database_ipv6_egress",
            "module.vpc.data.aws_iam_policy_document.flow_log_cloudwatch_assume_role",
            "module.vpc.aws_default_vpc.this",
            "module.vpc.aws_iam_policy.vpc_flow_log_cloudwatch",
            "module.vpc.aws_network_acl.database",
            "module.vpc.aws_subnet.outpost",
            "module.vpc.aws_flow_log.this",
            "module.vpc.aws_network_acl.private",
            "module.vpc.aws_route_table_association.public",
            "module.vpc.aws_vpc_ipv4_cidr_block_association.this",
            "module.vpc.aws_nat_gateway.this",
            "module.vpc.aws_network_acl.redshift",
            "module.vpc.aws_network_acl_rule.public_inbound",
            "module.vpc.aws_network_acl.intra",
            "module.vpc.aws_network_acl_rule.database_outbound",
            "module.vpc.aws_route_table_association.database",
            "module.vpc.aws_vpn_gateway_route_propagation.private",
            "module.vpc.aws_network_acl_rule.redshift_outbound",
            "module.vpc.aws_subnet.database",
            "module.vpc.aws_cloudwatch_log_group.flow_log",
            "module.vpc.aws_default_route_table.default",
            "module.vpc.aws_default_security_group.this",
            "module.vpc.aws_network_acl_rule.elasticache_inbound",
            "module.vpc.aws_subnet.public",
            "module.vpc.aws_vpc.this",
            "module.vpc.aws_customer_gateway.this",
            "module.vpc.aws_network_acl_rule.private_outbound",
            "module.vpc.aws_route_table.database",
            "module.vpc.aws_route_table.elasticache",
            "module.vpc.aws_network_acl.outpost",
            "module.vpc.aws_route.database_nat_gateway",
            "module.vpc.aws_route.public_internet_gateway",
            "module.vpc.aws_route_table.public",
            "module.vpc.aws_default_network_acl.this",
            "module.vpc.aws_network_acl.elasticache",
            "module.vpc.aws_route_table_association.intra",
            "module.vpc.aws_route_table_association.elasticache",
            "module.vpc.aws_subnet.redshift",
            "module.my-cluster.data.aws_iam_policy_document.cluster_assume_role_policy",
            "module.vpc.aws_db_subnet_group.database",
            "module.vpc.aws_network_acl_rule.elasticache_outbound",
            "module.vpc.aws_route.private_ipv6_egress",
            "module.vpc.data.aws_iam_policy_document.vpc_flow_log_cloudwatch",
            "module.vpc.aws_iam_role.vpc_flow_log_cloudwatch",
            "module.vpc.aws_network_acl.public",
            "module.vpc.aws_network_acl_rule.intra_inbound",
            "module.vpc.aws_route_table.redshift",
            "module.vpc.aws_subnet.elasticache",
            "module.vpc.aws_vpc_dhcp_options.this",
            "module.vpc.aws_vpn_gateway_route_propagation.intra",
            "module.vpc.aws_network_acl_rule.database_inbound",
            "module.vpc.aws_network_acl_rule.private_inbound",
            "module.vpc.aws_network_acl_rule.redshift_inbound",
            "module.vpc.aws_route.private_nat_gateway"
          ],
          "create_before_destroy": true
        }
      ]
    },
    {
      "module": "module.my-cluster",
      "mode": "managed",
      "type": "aws_iam_role_policy_attachment",
      "name": "cluster_AmazonEKSClusterPolicy",
      "provider": "provider[\"registry.terraform.io/hashicorp/aws\"]",
      "instances": [
        {
          "index_key": 0,
          "schema_version": 0,
          "attributes": {
            "id": "testing20210526073724173100000003-20210526073742888500000007",
            "policy_arn": "arn:aws:iam::aws:policy/AmazonEKSClusterPolicy",
            "role": "testing20210526073724173100000003"
          },
          "sensitive_attributes": [],
          "private": "bnVsbA==",
          "dependencies": [
            "module.vpc.aws_vpc_dhcp_options_association.this",
            "module.vpc.data.aws_iam_policy_document.vpc_flow_log_cloudwatch",
            "module.vpc.aws_eip.nat",
            "module.vpc.aws_elasticache_subnet_group.elasticache",
            "module.vpc.aws_subnet.database",
            "module.vpc.aws_vpn_gateway_route_propagation.intra",
            "module.vpc.aws_iam_role.vpc_flow_log_cloudwatch",
            "module.vpc.aws_network_acl_rule.intra_inbound",
            "module.vpc.aws_subnet.elasticache",
            "module.vpc.aws_subnet.outpost",
            "module.vpc.aws_subnet.private",
            "module.vpc.aws_network_acl.elasticache",
            "module.vpc.aws_redshift_subnet_group.redshift",
            "module.vpc.aws_network_acl.private",
            "module.vpc.aws_route_table.intra",
            "module.vpc.aws_subnet.redshift",
            "module.vpc.aws_vpc_dhcp_options.this",
            "module.vpc.aws_vpc_ipv4_cidr_block_association.this",
            "module.vpc.aws_db_subnet_group.database",
            "module.vpc.aws_flow_log.this",
            "module.vpc.aws_network_acl_rule.private_outbound",
            "module.vpc.aws_route.database_internet_gateway",
            "module.vpc.aws_route.private_nat_gateway",
            "module.vpc.aws_network_acl.outpost",
            "module.vpc.aws_network_acl_rule.outpost_inbound",
            "module.vpc.aws_network_acl_rule.outpost_outbound",
            "module.vpc.aws_route.database_nat_gateway",
            "module.vpc.aws_route.public_internet_gateway",
            "module.vpc.aws_route_table_association.redshift",
            "module.vpc.data.aws_iam_policy_document.flow_log_cloudwatch_assume_role",
            "module.vpc.aws_default_network_acl.this",
            "module.vpc.aws_network_acl.database",
            "module.vpc.aws_route_table_association.elasticache",
            "module.vpc.aws_route_table_association.outpost",
            "module.vpc.aws_route_table_association.redshift_public",
            "module.vpc.aws_subnet.public",
            "module.my-cluster.aws_iam_role.cluster",
            "module.vpc.aws_route_table_association.database",
            "module.vpc.aws_route_table.private",
            "module.vpc.aws_internet_gateway.this",
            "module.vpc.aws_network_acl_rule.public_inbound",
            "module.vpc.aws_route_table.elasticache",
            "module.vpc.aws_route_table.public",
            "module.vpc.aws_vpn_gateway.this",
            "module.vpc.aws_vpn_gateway_attachment.this",
            "module.vpc.aws_network_acl_rule.database_outbound",
            "module.vpc.aws_network_acl_rule.redshift_outbound",
            "module.vpc.aws_network_acl_rule.redshift_inbound",
            "module.vpc.aws_route_table_association.public",
            "module.vpc.aws_cloudwatch_log_group.flow_log",
            "module.vpc.aws_customer_gateway.this",
            "module.vpc.aws_vpc.this",
            "module.vpc.aws_default_security_group.this",
            "module.vpc.aws_default_vpc.this",
            "module.vpc.aws_subnet.intra",
            "module.vpc.aws_nat_gateway.this",
            "module.vpc.aws_route_table_association.private",
            "module.vpc.aws_network_acl.intra",
            "module.vpc.aws_network_acl_rule.private_inbound",
            "module.vpc.aws_egress_only_internet_gateway.this",
            "module.vpc.aws_iam_policy.vpc_flow_log_cloudwatch",
            "module.vpc.aws_network_acl_rule.elasticache_inbound",
            "module.vpc.aws_route.database_ipv6_egress",
            "module.vpc.aws_route.public_internet_gateway_ipv6",
            "module.vpc.aws_route_table.database",
            "module.vpc.aws_default_route_table.default",
            "module.vpc.aws_iam_role_policy_attachment.vpc_flow_log_cloudwatch",
            "module.vpc.aws_network_acl_rule.elasticache_outbound",
            "module.vpc.aws_route_table_association.intra",
            "module.my-cluster.data.aws_partition.current",
            "module.vpc.aws_network_acl_rule.database_inbound",
            "module.vpc.aws_network_acl.redshift",
            "module.vpc.aws_network_acl_rule.intra_outbound",
            "module.vpc.aws_network_acl_rule.public_outbound",
            "module.vpc.aws_route.private_ipv6_egress",
            "module.vpc.aws_route_table.redshift",
            "module.vpc.aws_vpn_gateway_route_propagation.private",
            "module.my-cluster.data.aws_iam_policy_document.cluster_assume_role_policy",
            "module.vpc.aws_network_acl.public",
            "module.vpc.aws_vpn_gateway_route_propagation.public"
          ],
          "create_before_destroy": true
        }
      ]
    },
    {
      "module": "module.my-cluster",
      "mode": "managed",
      "type": "aws_iam_role_policy_attachment",
      "name": "cluster_AmazonEKSServicePolicy",
      "provider": "provider[\"registry.terraform.io/hashicorp/aws\"]",
      "instances": [
        {
          "index_key": 0,
          "schema_version": 0,
          "attributes": {
            "id": "testing20210526073724173100000003-20210526073742578700000005",
            "policy_arn": "arn:aws:iam::aws:policy/AmazonEKSServicePolicy",
            "role": "testing20210526073724173100000003"
          },
          "sensitive_attributes": [],
          "private": "bnVsbA==",
          "dependencies": [
            "module.vpc.aws_network_acl_rule.outpost_inbound",
            "module.vpc.aws_route_table_association.elasticache",
            "module.vpc.aws_route_table_association.redshift_public",
            "module.vpc.aws_route.database_nat_gateway",
            "module.vpc.aws_route.private_nat_gateway",
            "module.vpc.aws_route_table.private",
            "module.vpc.aws_route_table.intra",
            "module.vpc.aws_subnet.database",
            "module.my-cluster.data.aws_iam_policy_document.cluster_assume_role_policy",
            "module.vpc.aws_elasticache_subnet_group.elasticache",
            "module.vpc.aws_network_acl.redshift",
            "module.vpc.aws_network_acl_rule.intra_inbound",
            "module.vpc.aws_route.database_internet_gateway",
            "module.vpc.aws_route.public_internet_gateway",
            "module.vpc.aws_vpn_gateway_route_propagation.intra",
            "module.my-cluster.aws_iam_role.cluster",
            "module.vpc.aws_iam_role.vpc_flow_log_cloudwatch",
            "module.vpc.aws_route_table_association.public",
            "module.vpc.aws_vpc.this",
            "module.vpc.aws_network_acl_rule.intra_outbound",
            "module.vpc.aws_subnet.private",
            "module.vpc.aws_vpc_ipv4_cidr_block_association.this",
            "module.vpc.aws_vpn_gateway.this",
            "module.vpc.aws_customer_gateway.this",
            "module.vpc.aws_network_acl_rule.elasticache_inbound",
            "module.vpc.aws_network_acl_rule.private_outbound",
            "module.vpc.aws_network_acl_rule.public_inbound",
            "module.vpc.data.aws_iam_policy_document.vpc_flow_log_cloudwatch",
            "module.vpc.aws_network_acl_rule.elasticache_outbound",
            "module.vpc.aws_route.private_ipv6_egress",
            "module.vpc.aws_subnet.public",
            "module.vpc.aws_vpn_gateway_route_propagation.private",
            "module.vpc.aws_cloudwatch_log_group.flow_log",
            "module.vpc.aws_iam_policy.vpc_flow_log_cloudwatch",
            "module.vpc.aws_network_acl.public",
            "module.vpc.aws_network_acl_rule.database_inbound",
            "module.vpc.aws_subnet.redshift",
            "module.vpc.data.aws_iam_policy_document.flow_log_cloudwatch_assume_role",
            "module.vpc.aws_route_table_association.intra",
            "module.vpc.aws_route_table_association.redshift",
            "module.my-cluster.data.aws_partition.current",
            "module.vpc.aws_default_vpc.this",
            "module.vpc.aws_network_acl.elasticache",
            "module.vpc.aws_route_table.elasticache",
            "module.vpc.aws_route_table.public",
            "module.vpc.aws_route_table.redshift",
            "module.vpc.aws_vpc_dhcp_options.this",
            "module.vpc.aws_vpc_dhcp_options_association.this",
            "module.vpc.aws_default_network_acl.this",
            "module.vpc.aws_egress_only_internet_gateway.this",
            "module.vpc.aws_internet_gateway.this",
            "module.vpc.aws_network_acl.database",
            "module.vpc.aws_network_acl_rule.redshift_outbound",
            "module.vpc.aws_db_subnet_group.database",
            "module.vpc.aws_iam_role_policy_attachment.vpc_flow_log_cloudwatch",
            "module.vpc.aws_network_acl_rule.private_inbound",
            "module.vpc.aws_route.database_ipv6_egress",
            "module.vpc.aws_route_table_association.outpost",
            "module.vpc.aws_network_acl_rule.database_outbound",
            "module.vpc.aws_network_acl_rule.redshift_inbound",
            "module.vpc.aws_subnet.elasticache",
            "module.vpc.aws_vpn_gateway_attachment.this",
            "module.vpc.aws_nat_gateway.this",
            "module.vpc.aws_network_acl.intra",
            "module.vpc.aws_route.public_internet_gateway_ipv6",
            "module.vpc.aws_route_table_association.database",
            "module.vpc.aws_route_table_association.private",
            "module.vpc.aws_vpn_gateway_route_propagation.public",
            "module.vpc.aws_eip.nat",
            "module.vpc.aws_redshift_subnet_group.redshift",
            "module.vpc.aws_flow_log.this",
            "module.vpc.aws_network_acl.outpost",
            "module.vpc.aws_network_acl.private",
            "module.vpc.aws_network_acl_rule.outpost_outbound",
            "module.vpc.aws_network_acl_rule.public_outbound",
            "module.vpc.aws_default_route_table.default",
            "module.vpc.aws_default_security_group.this",
            "module.vpc.aws_route_table.database",
            "module.vpc.aws_subnet.intra",
            "module.vpc.aws_subnet.outpost"
          ],
          "create_before_destroy": true
        }
      ]
    },
    {
      "module": "module.my-cluster",
      "mode": "managed",
      "type": "aws_iam_role_policy_attachment",
      "name": "cluster_AmazonEKSVPCResourceControllerPolicy",
      "provider": "provider[\"registry.terraform.io/hashicorp/aws\"]",
      "instances": [
        {
          "index_key": 0,
          "schema_version": 0,
          "attributes": {
            "id": "testing20210526073724173100000003-20210526073746595200000008",
            "policy_arn": "arn:aws:iam::aws:policy/AmazonEKSVPCResourceController",
            "role": "testing20210526073724173100000003"
          },
          "sensitive_attributes": [],
          "private": "bnVsbA==",
          "dependencies": [
            "module.vpc.aws_elasticache_subnet_group.elasticache",
            "module.vpc.aws_network_acl_rule.outpost_inbound",
            "module.vpc.aws_network_acl_rule.redshift_inbound",
            "module.vpc.aws_vpn_gateway_attachment.this",
            "module.vpc.aws_vpc_dhcp_options.this",
            "module.vpc.aws_cloudwatch_log_group.flow_log",
            "module.vpc.aws_internet_gateway.this",
            "module.vpc.aws_network_acl.database",
            "module.vpc.aws_network_acl.redshift",
            "module.vpc.aws_route.private_ipv6_egress",
            "module.vpc.aws_route_table.intra",
            "module.vpc.aws_route_table_association.outpost",
            "module.vpc.aws_network_acl_rule.database_outbound",
            "module.vpc.aws_network_acl_rule.elasticache_outbound",
            "module.vpc.aws_route_table_association.redshift",
            "module.vpc.aws_subnet.public",
            "module.vpc.data.aws_iam_policy_document.flow_log_cloudwatch_assume_role",
            "module.vpc.aws_db_subnet_group.database",
            "module.vpc.aws_network_acl.private",
            "module.vpc.aws_route.public_internet_gateway_ipv6",
            "module.vpc.aws_route_table_association.intra",
            "module.vpc.aws_route_table_association.public",
            "module.vpc.aws_route_table_association.redshift_public",
            "module.vpc.aws_vpc_dhcp_options_association.this",
            "module.vpc.aws_route_table.elasticache",
            "module.vpc.aws_iam_policy.vpc_flow_log_cloudwatch",
            "module.vpc.aws_nat_gateway.this",
            "module.vpc.aws_network_acl_rule.database_inbound",
            "module.vpc.aws_network_acl_rule.intra_outbound",
            "module.vpc.aws_network_acl_rule.private_inbound",
            "module.vpc.aws_network_acl_rule.public_inbound",
            "module.vpc.aws_network_acl_rule.redshift_outbound",
            "module.vpc.aws_route_table_association.private",
            "module.vpc.aws_vpn_gateway.this",
            "module.vpc.aws_flow_log.this",
            "module.my-cluster.aws_iam_role.cluster",
            "module.vpc.aws_redshift_subnet_group.redshift",
            "module.vpc.aws_route.database_internet_gateway",
            "module.vpc.aws_route.database_nat_gateway",
            "module.vpc.aws_route_table.private",
            "module.vpc.aws_subnet.database",
            "module.vpc.aws_vpc_ipv4_cidr_block_association.this",
            "module.vpc.aws_network_acl_rule.elasticache_inbound",
            "module.vpc.aws_route.private_nat_gateway",
            "module.vpc.aws_route_table.redshift",
            "module.vpc.aws_subnet.intra",
            "module.vpc.aws_subnet.outpost",
            "module.vpc.aws_subnet.redshift",
            "module.vpc.aws_iam_role_policy_attachment.vpc_flow_log_cloudwatch",
            "module.vpc.aws_route.public_internet_gateway",
            "module.vpc.aws_route_table.database",
            "module.vpc.data.aws_iam_policy_document.vpc_flow_log_cloudwatch",
            "module.vpc.aws_network_acl_rule.private_outbound",
            "module.vpc.aws_network_acl_rule.public_outbound",
            "module.vpc.aws_route.database_ipv6_egress",
            "module.vpc.aws_route_table_association.elasticache",
            "module.vpc.aws_vpn_gateway_route_propagation.public",
            "module.vpc.aws_default_route_table.default",
            "module.vpc.aws_default_security_group.this",
            "module.vpc.aws_default_vpc.this",
            "module.vpc.aws_network_acl.elasticache",
            "module.vpc.aws_network_acl_rule.intra_inbound",
            "module.vpc.aws_route_table.public",
            "module.vpc.aws_subnet.elasticache",
            "module.vpc.aws_egress_only_internet_gateway.this",
            "module.vpc.aws_eip.nat",
            "module.vpc.aws_network_acl.outpost",
            "module.vpc.aws_network_acl.public",
            "module.vpc.aws_vpc.this",
            "module.vpc.aws_default_network_acl.this",
            "module.vpc.aws_network_acl.intra",
            "module.vpc.aws_route_table_association.database",
            "module.my-cluster.data.aws_iam_policy_document.cluster_assume_role_policy",
            "module.my-cluster.data.aws_partition.current",
            "module.vpc.aws_iam_role.vpc_flow_log_cloudwatch",
            "module.vpc.aws_network_acl_rule.outpost_outbound",
            "module.vpc.aws_subnet.private",
            "module.vpc.aws_vpn_gateway_route_propagation.intra",
            "module.vpc.aws_vpn_gateway_route_propagation.private",
            "module.vpc.aws_customer_gateway.this"
          ],
          "create_before_destroy": true
        }
      ]
    },
    {
      "module": "module.my-cluster",
      "mode": "managed",
      "type": "aws_security_group",
      "name": "cluster",
      "provider": "provider[\"registry.terraform.io/hashicorp/aws\"]",
      "instances": [
        {
          "index_key": 0,
          "schema_version": 1,
          "attributes": {
            "arn": "arn:aws:ec2:us-east-1:378344169585:security-group/sg-08043171e8d8183b3",
            "description": "EKS cluster security group.",
            "egress": [
              {
                "cidr_blocks": [
                  "0.0.0.0/0"
                ],
                "description": "Allow cluster egress access to the Internet.",
                "from_port": 0,
                "ipv6_cidr_blocks": [],
                "prefix_list_ids": [],
                "protocol": "-1",
                "security_groups": [],
                "self": false,
                "to_port": 0
              }
            ],
            "id": "sg-08043171e8d8183b3",
            "ingress": [
              {
                "cidr_blocks": [],
                "description": "Allow pods to communicate with the EKS cluster API.",
                "from_port": 443,
                "ipv6_cidr_blocks": [],
                "prefix_list_ids": [],
                "protocol": "tcp",
                "security_groups": [
                  "sg-0b5e10f21d495efa1"
                ],
                "self": false,
                "to_port": 443
              }
            ],
            "name": "testing20210526073723746100000002",
            "name_prefix": "testing",
            "owner_id": "378344169585",
            "revoke_rules_on_delete": false,
            "tags": {
              "Name": "testing-eks_cluster_sg"
            },
            "tags_all": {
              "Name": "testing-eks_cluster_sg"
            },
            "timeouts": null,
            "vpc_id": "vpc-0ae3580bef7de2970"
          },
          "sensitive_attributes": [],
          "private": "eyJlMmJmYjczMC1lY2FhLTExZTYtOGY4OC0zNDM2M2JjN2M0YzAiOnsiY3JlYXRlIjo2MDAwMDAwMDAwMDAsImRlbGV0ZSI6OTAwMDAwMDAwMDAwfSwic2NoZW1hX3ZlcnNpb24iOiIxIn0=",
          "dependencies": [
            "module.vpc.aws_default_route_table.default",
            "module.vpc.aws_iam_role_policy_attachment.vpc_flow_log_cloudwatch",
            "module.vpc.aws_network_acl_rule.elasticache_inbound",
            "module.vpc.aws_route_table.intra",
            "module.vpc.data.aws_iam_policy_document.vpc_flow_log_cloudwatch",
            "module.vpc.aws_network_acl.outpost",
            "module.vpc.aws_network_acl.public",
            "module.vpc.aws_network_acl_rule.public_outbound",
            "module.vpc.aws_route.database_internet_gateway",
            "module.vpc.aws_route.database_nat_gateway",
            "module.vpc.aws_default_network_acl.this",
            "module.vpc.aws_redshift_subnet_group.redshift",
            "module.vpc.aws_route_table_association.elasticache",
            "module.vpc.aws_route_table_association.redshift",
            "module.vpc.aws_subnet.intra",
            "module.vpc.aws_subnet.public",
            "module.vpc.data.aws_iam_policy_document.flow_log_cloudwatch_assume_role",
            "module.vpc.aws_network_acl_rule.private_inbound",
            "module.vpc.aws_network_acl_rule.public_inbound",
            "module.vpc.aws_route.database_ipv6_egress",
            "module.vpc.aws_route.private_ipv6_egress",
            "module.vpc.aws_route_table.private",
            "module.vpc.aws_route_table_association.redshift_public",
            "module.vpc.aws_vpn_gateway_route_propagation.private",
            "module.vpc.aws_vpc_dhcp_options.this",
            "module.vpc.aws_customer_gateway.this",
            "module.vpc.aws_default_security_group.this",
            "module.vpc.aws_network_acl_rule.database_outbound",
            "module.vpc.aws_network_acl_rule.elasticache_outbound",
            "module.vpc.aws_route_table_association.private",
            "module.vpc.aws_subnet.outpost",
            "module.vpc.aws_subnet.redshift",
            "module.vpc.aws_vpc_dhcp_options_association.this",
            "module.vpc.aws_egress_only_internet_gateway.this",
            "module.vpc.aws_iam_role.vpc_flow_log_cloudwatch",
            "module.vpc.aws_subnet.database",
            "module.vpc.aws_route_table_association.public",
            "module.vpc.aws_subnet.elasticache",
            "module.vpc.aws_iam_policy.vpc_flow_log_cloudwatch",
            "module.vpc.aws_network_acl_rule.redshift_inbound",
            "module.vpc.aws_vpn_gateway_attachment.this",
            "module.vpc.aws_network_acl_rule.outpost_inbound",
            "module.vpc.aws_network_acl.elasticache",
            "module.vpc.aws_network_acl_rule.redshift_outbound",
            "module.vpc.aws_route_table.database",
            "module.vpc.aws_route_table.elasticache",
            "module.vpc.aws_internet_gateway.this",
            "module.vpc.aws_nat_gateway.this",
            "module.vpc.aws_network_acl_rule.outpost_outbound",
            "module.vpc.aws_network_acl_rule.private_outbound",
            "module.vpc.aws_route.public_internet_gateway_ipv6",
            "module.vpc.aws_subnet.private",
            "module.vpc.aws_vpc_ipv4_cidr_block_association.this",
            "module.vpc.aws_network_acl.redshift",
            "module.vpc.aws_route_table.public",
            "module.vpc.aws_route_table.redshift",
            "module.vpc.aws_route_table_association.intra",
            "module.vpc.aws_vpn_gateway_route_propagation.intra",
            "module.vpc.aws_db_subnet_group.database",
            "module.vpc.aws_vpn_gateway.this",
            "module.vpc.aws_cloudwatch_log_group.flow_log",
            "module.vpc.aws_network_acl.intra",
            "module.vpc.aws_network_acl_rule.database_inbound",
            "module.vpc.aws_network_acl_rule.intra_outbound",
            "module.vpc.aws_vpn_gateway_route_propagation.public",
            "module.vpc.aws_route_table_association.outpost",
            "module.vpc.aws_default_vpc.this",
            "module.vpc.aws_eip.nat",
            "module.vpc.aws_network_acl.database",
            "module.vpc.aws_network_acl.private",
            "module.vpc.aws_network_acl_rule.intra_inbound",
            "module.vpc.aws_route.private_nat_gateway",
            "module.vpc.aws_route.public_internet_gateway",
            "module.vpc.aws_vpc.this",
            "module.vpc.aws_elasticache_subnet_group.elasticache",
            "module.vpc.aws_flow_log.this",
            "module.vpc.aws_route_table_association.database"
          ],
          "create_before_destroy": true
        }
      ]
    },
    {
      "module": "module.my-cluster",
      "mode": "managed",
      "type": "aws_security_group",
      "name": "workers",
      "provider": "provider[\"registry.terraform.io/hashicorp/aws\"]",
      "instances": [
        {
          "index_key": 0,
          "schema_version": 1,
          "attributes": {
            "arn": "arn:aws:ec2:us-east-1:378344169585:security-group/sg-0b5e10f21d495efa1",
            "description": "Security group for all nodes in the cluster.",
            "egress": [
              {
                "cidr_blocks": [
                  "0.0.0.0/0"
                ],
                "description": "Allow nodes all egress to the Internet.",
                "from_port": 0,
                "ipv6_cidr_blocks": [],
                "prefix_list_ids": [],
                "protocol": "-1",
                "security_groups": [],
                "self": false,
                "to_port": 0
              }
            ],
            "id": "sg-0b5e10f21d495efa1",
            "ingress": [
              {
                "cidr_blocks": [],
                "description": "Allow node to communicate with each other.",
                "from_port": 0,
                "ipv6_cidr_blocks": [],
                "prefix_list_ids": [],
                "protocol": "-1",
                "security_groups": [],
                "self": true,
                "to_port": 0
              },
              {
                "cidr_blocks": [],
                "description": "Allow pods running extension API servers on port 443 to receive communication from cluster control plane.",
                "from_port": 443,
                "ipv6_cidr_blocks": [],
                "prefix_list_ids": [],
                "protocol": "tcp",
                "security_groups": [
                  "sg-08043171e8d8183b3"
                ],
                "self": false,
                "to_port": 443
              },
              {
                "cidr_blocks": [],
                "description": "Allow workers pods to receive communication from the cluster control plane.",
                "from_port": 1025,
                "ipv6_cidr_blocks": [],
                "prefix_list_ids": [],
                "protocol": "tcp",
                "security_groups": [
                  "sg-08043171e8d8183b3"
                ],
                "self": false,
                "to_port": 65535
              }
            ],
            "name": "testing20210526073723653400000001",
            "name_prefix": "testing",
            "owner_id": "378344169585",
            "revoke_rules_on_delete": false,
            "tags": {
              "Name": "testing-eks_worker_sg",
              "kubernetes.io/cluster/testing": "owned"
            },
            "tags_all": {
              "Name": "testing-eks_worker_sg",
              "kubernetes.io/cluster/testing": "owned"
            },
            "timeouts": null,
            "vpc_id": "vpc-0ae3580bef7de2970"
          },
          "sensitive_attributes": [],
          "private": "eyJlMmJmYjczMC1lY2FhLTExZTYtOGY4OC0zNDM2M2JjN2M0YzAiOnsiY3JlYXRlIjo2MDAwMDAwMDAwMDAsImRlbGV0ZSI6OTAwMDAwMDAwMDAwfSwic2NoZW1hX3ZlcnNpb24iOiIxIn0=",
          "dependencies": [
            "module.vpc.aws_vpn_gateway_route_propagation.private",
            "module.vpc.aws_egress_only_internet_gateway.this",
            "module.vpc.aws_network_acl_rule.outpost_inbound",
            "module.vpc.aws_route.public_internet_gateway_ipv6",
            "module.vpc.aws_subnet.elasticache",
            "module.vpc.aws_subnet.private",
            "module.vpc.aws_subnet.public",
            "module.vpc.aws_network_acl.database",
            "module.vpc.aws_network_acl_rule.private_outbound",
            "module.vpc.aws_db_subnet_group.database",
            "module.vpc.aws_route.database_ipv6_egress",
            "module.vpc.aws_route.public_internet_gateway",
            "module.vpc.aws_route_table_association.private",
            "module.vpc.data.aws_iam_policy_document.flow_log_cloudwatch_assume_role",
            "module.vpc.data.aws_iam_policy_document.vpc_flow_log_cloudwatch",
            "module.vpc.aws_default_security_group.this",
            "module.vpc.aws_network_acl.intra",
            "module.vpc.aws_network_acl_rule.intra_inbound",
            "module.vpc.aws_route.database_nat_gateway",
            "module.vpc.aws_route_table_association.database",
            "module.vpc.aws_default_network_acl.this",
            "module.vpc.aws_network_acl_rule.public_inbound",
            "module.vpc.aws_vpn_gateway_route_propagation.public",
            "module.vpc.aws_network_acl.redshift",
            "module.vpc.aws_network_acl_rule.elasticache_inbound",
            "module.vpc.aws_network_acl_rule.redshift_outbound",
            "module.vpc.aws_route_table.elasticache",
            "module.vpc.aws_route_table.intra",
            "module.vpc.aws_subnet.intra",
            "module.vpc.aws_vpn_gateway_attachment.this",
            "module.vpc.aws_network_acl.outpost",
            "module.vpc.aws_network_acl_rule.database_outbound",
            "module.vpc.aws_route.private_ipv6_egress",
            "module.vpc.aws_route_table.redshift",
            "module.vpc.aws_subnet.outpost",
            "module.vpc.aws_vpc.this",
            "module.vpc.aws_vpn_gateway.this",
            "module.vpc.aws_customer_gateway.this",
            "module.vpc.aws_flow_log.this",
            "module.vpc.aws_network_acl_rule.outpost_outbound",
            "module.vpc.aws_network_acl_rule.public_outbound",
            "module.vpc.aws_route.database_internet_gateway",
            "module.vpc.aws_route_table_association.intra",
            "module.vpc.aws_default_vpc.this",
            "module.vpc.aws_nat_gateway.this",
            "module.vpc.aws_route_table.private",
            "module.vpc.aws_vpc_dhcp_options.this",
            "module.vpc.aws_vpc_ipv4_cidr_block_association.this",
            "module.vpc.aws_cloudwatch_log_group.flow_log",
            "module.vpc.aws_network_acl.public",
            "module.vpc.aws_network_acl_rule.database_inbound",
            "module.vpc.aws_network_acl_rule.redshift_inbound",
            "module.vpc.aws_route_table_association.public",
            "module.vpc.aws_route_table_association.redshift",
            "module.vpc.aws_iam_role_policy_attachment.vpc_flow_log_cloudwatch",
            "module.vpc.aws_internet_gateway.this",
            "module.vpc.aws_default_route_table.default",
            "module.vpc.aws_eip.nat",
            "module.vpc.aws_redshift_subnet_group.redshift",
            "module.vpc.aws_network_acl.elasticache",
            "module.vpc.aws_route.private_nat_gateway",
            "module.vpc.aws_route_table_association.elasticache",
            "module.vpc.aws_route_table_association.redshift_public",
            "module.vpc.aws_subnet.database",
            "module.vpc.aws_network_acl_rule.elasticache_outbound",
            "module.vpc.aws_network_acl_rule.private_inbound",
            "module.vpc.aws_vpc_dhcp_options_association.this",
            "module.vpc.aws_vpn_gateway_route_propagation.intra",
            "module.vpc.aws_route_table.public",
            "module.vpc.aws_route_table_association.outpost",
            "module.vpc.aws_elasticache_subnet_group.elasticache",
            "module.vpc.aws_iam_policy.vpc_flow_log_cloudwatch",
            "module.vpc.aws_iam_role.vpc_flow_log_cloudwatch",
            "module.vpc.aws_network_acl.private",
            "module.vpc.aws_network_acl_rule.intra_outbound",
            "module.vpc.aws_route_table.database",
            "module.vpc.aws_subnet.redshift"
          ],
          "create_before_destroy": true
        }
      ]
    },
    {
      "module": "module.my-cluster",
      "mode": "managed",
      "type": "aws_security_group_rule",
      "name": "cluster_egress_internet",
      "provider": "provider[\"registry.terraform.io/hashicorp/aws\"]",
      "instances": [
        {
          "index_key": 0,
          "schema_version": 2,
          "attributes": {
            "cidr_blocks": [
              "0.0.0.0/0"
            ],
            "description": "Allow cluster egress access to the Internet.",
            "from_port": 0,
            "id": "sgrule-800348741",
            "ipv6_cidr_blocks": [],
            "prefix_list_ids": [],
            "protocol": "-1",
            "security_group_id": "sg-08043171e8d8183b3",
            "self": false,
            "source_security_group_id": null,
            "to_port": 0,
            "type": "egress"
          },
          "sensitive_attributes": [],
          "private": "eyJzY2hlbWFfdmVyc2lvbiI6IjIifQ==",
          "dependencies": [
            "module.vpc.aws_route.public_internet_gateway_ipv6",
            "module.vpc.aws_route_table.database",
            "module.vpc.aws_route_table.intra",
            "module.vpc.aws_vpn_gateway_route_propagation.intra",
            "module.vpc.aws_db_subnet_group.database",
            "module.vpc.aws_internet_gateway.this",
            "module.vpc.aws_network_acl.redshift",
            "module.vpc.aws_route.database_ipv6_egress",
            "module.vpc.aws_route.database_nat_gateway",
            "module.vpc.aws_route_table_association.outpost",
            "module.vpc.aws_subnet.intra",
            "module.vpc.aws_vpc_dhcp_options.this",
            "module.vpc.aws_eip.nat",
            "module.vpc.aws_elasticache_subnet_group.elasticache",
            "module.vpc.aws_vpn_gateway.this",
            "module.vpc.aws_network_acl_rule.redshift_outbound",
            "module.vpc.aws_route_table_association.redshift_public",
            "module.vpc.data.aws_iam_policy_document.flow_log_cloudwatch_assume_role",
            "module.vpc.aws_default_route_table.default",
            "module.vpc.aws_default_vpc.this",
            "module.vpc.aws_subnet.elasticache",
            "module.vpc.aws_vpn_gateway_attachment.this",
            "module.vpc.aws_network_acl_rule.intra_outbound",
            "module.vpc.aws_route.private_ipv6_egress",
            "module.vpc.aws_route_table.private",
            "module.vpc.aws_vpc_ipv4_cidr_block_association.this",
            "module.vpc.aws_route.database_internet_gateway",
            "module.vpc.aws_route.private_nat_gateway",
            "module.vpc.aws_network_acl_rule.outpost_outbound",
            "module.vpc.aws_route_table_association.redshift",
            "module.vpc.aws_subnet.private",
            "module.vpc.aws_vpn_gateway_route_propagation.public",
            "module.vpc.aws_flow_log.this",
            "module.vpc.aws_network_acl.public",
            "module.vpc.aws_route_table.public",
            "module.vpc.aws_subnet.public",
            "module.vpc.aws_network_acl_rule.private_inbound",
            "module.vpc.aws_route_table.elasticache",
            "module.vpc.aws_iam_role.vpc_flow_log_cloudwatch",
            "module.vpc.aws_cloudwatch_log_group.flow_log",
            "module.vpc.aws_default_security_group.this",
            "module.vpc.aws_route.public_internet_gateway",
            "module.vpc.aws_route_table_association.private",
            "module.vpc.aws_subnet.redshift",
            "module.vpc.aws_vpc.this",
            "module.vpc.aws_iam_policy.vpc_flow_log_cloudwatch",
            "module.vpc.aws_redshift_subnet_group.redshift",
            "module.vpc.aws_network_acl_rule.elasticache_inbound",
            "module.vpc.aws_network_acl_rule.public_inbound",
            "module.vpc.aws_network_acl_rule.public_outbound",
            "module.vpc.aws_network_acl_rule.redshift_inbound",
            "module.vpc.aws_egress_only_internet_gateway.this",
            "module.vpc.aws_network_acl.elasticache",
            "module.vpc.aws_nat_gateway.this",
            "module.vpc.aws_network_acl.private",
            "module.vpc.aws_network_acl_rule.database_inbound",
            "module.vpc.aws_network_acl_rule.elasticache_outbound",
            "module.vpc.aws_network_acl_rule.private_outbound",
            "module.vpc.data.aws_iam_policy_document.vpc_flow_log_cloudwatch",
            "module.vpc.aws_customer_gateway.this",
            "module.vpc.aws_iam_role_policy_attachment.vpc_flow_log_cloudwatch",
            "module.vpc.aws_vpc_dhcp_options_association.this",
            "module.vpc.aws_default_network_acl.this",
            "module.vpc.aws_network_acl.outpost",
            "module.vpc.aws_network_acl.intra",
            "module.vpc.aws_network_acl_rule.outpost_inbound",
            "module.vpc.aws_route_table_association.elasticache",
            "module.vpc.aws_subnet.database",
            "module.vpc.aws_subnet.outpost",
            "module.vpc.aws_vpn_gateway_route_propagation.private",
            "module.my-cluster.aws_security_group.cluster",
            "module.vpc.aws_network_acl.database",
            "module.vpc.aws_route_table_association.database",
            "module.vpc.aws_route_table.redshift",
            "module.vpc.aws_route_table_association.intra",
            "module.vpc.aws_route_table_association.public",
            "module.vpc.aws_network_acl_rule.database_outbound",
            "module.vpc.aws_network_acl_rule.intra_inbound"
          ],
          "create_before_destroy": true
        }
      ]
    },
    {
      "module": "module.my-cluster",
      "mode": "managed",
      "type": "aws_security_group_rule",
      "name": "cluster_https_worker_ingress",
      "provider": "provider[\"registry.terraform.io/hashicorp/aws\"]",
      "instances": [
        {
          "index_key": 0,
          "schema_version": 2,
          "attributes": {
            "cidr_blocks": [],
            "description": "Allow pods to communicate with the EKS cluster API.",
            "from_port": 443,
            "id": "sgrule-4036294317",
            "ipv6_cidr_blocks": [],
            "prefix_list_ids": [],
            "protocol": "tcp",
            "security_group_id": "sg-08043171e8d8183b3",
            "self": false,
            "source_security_group_id": "sg-0b5e10f21d495efa1",
            "to_port": 443,
            "type": "ingress"
          },
          "sensitive_attributes": [],
          "private": "eyJzY2hlbWFfdmVyc2lvbiI6IjIifQ==",
          "dependencies": [
            "module.vpc.aws_network_acl_rule.intra_outbound",
            "module.vpc.aws_network_acl_rule.public_inbound",
            "module.vpc.aws_route_table.intra",
            "module.vpc.aws_route_table_association.outpost",
            "module.vpc.aws_vpn_gateway_route_propagation.intra",
            "module.vpc.aws_elasticache_subnet_group.elasticache",
            "module.vpc.aws_network_acl_rule.elasticache_outbound",
            "module.vpc.aws_network_acl_rule.private_outbound",
            "module.vpc.aws_route_table.private",
            "module.vpc.aws_vpn_gateway_attachment.this",
            "module.vpc.aws_cloudwatch_log_group.flow_log",
            "module.vpc.aws_route.private_ipv6_egress",
            "module.vpc.aws_vpc_dhcp_options.this",
            "module.vpc.aws_nat_gateway.this",
            "module.vpc.aws_network_acl_rule.private_inbound",
            "module.vpc.aws_subnet.database",
            "module.vpc.aws_subnet.private",
            "module.vpc.aws_vpc.this",
            "module.vpc.aws_route.database_ipv6_egress",
            "module.my-cluster.aws_security_group.workers",
            "module.vpc.aws_default_route_table.default",
            "module.vpc.aws_network_acl.private",
            "module.vpc.aws_network_acl_rule.intra_inbound",
            "module.vpc.aws_network_acl_rule.outpost_inbound",
            "module.vpc.aws_subnet.redshift",
            "module.vpc.aws_vpn_gateway.this",
            "module.vpc.aws_db_subnet_group.database",
            "module.vpc.aws_network_acl.redshift",
            "module.vpc.aws_route.public_internet_gateway",
            "module.vpc.aws_route_table_association.database",
            "module.vpc.aws_route_table_association.redshift",
            "module.vpc.aws_network_acl.outpost",
            "module.vpc.aws_network_acl_rule.database_inbound",
            "module.vpc.aws_route_table_association.intra",
            "module.vpc.aws_subnet.intra",
            "module.vpc.aws_subnet.public",
            "module.vpc.aws_network_acl_rule.public_outbound",
            "module.vpc.aws_route.private_nat_gateway",
            "module.vpc.aws_route_table.public",
            "module.vpc.aws_vpc_dhcp_options_association.this",
            "module.vpc.aws_vpc_ipv4_cidr_block_association.this",
            "module.vpc.aws_customer_gateway.this",
            "module.vpc.aws_subnet.outpost",
            "module.vpc.aws_egress_only_internet_gateway.this",
            "module.vpc.aws_internet_gateway.this",
            "module.vpc.aws_network_acl_rule.redshift_inbound",
            "module.vpc.aws_route_table.database",
            "module.vpc.aws_default_vpc.this",
            "module.vpc.aws_iam_policy.vpc_flow_log_cloudwatch",
            "module.vpc.aws_redshift_subnet_group.redshift",
            "module.vpc.data.aws_iam_policy_document.vpc_flow_log_cloudwatch",
            "module.vpc.aws_network_acl.database",
            "module.vpc.aws_network_acl_rule.elasticache_inbound",
            "module.vpc.aws_route_table_association.private",
            "module.vpc.aws_route_table_association.redshift_public",
            "module.vpc.aws_vpn_gateway_route_propagation.private",
            "module.vpc.aws_network_acl_rule.redshift_outbound",
            "module.vpc.aws_route_table.elasticache",
            "module.vpc.aws_default_network_acl.this",
            "module.vpc.aws_default_security_group.this",
            "module.vpc.aws_eip.nat",
            "module.vpc.aws_flow_log.this",
            "module.vpc.aws_network_acl.public",
            "module.vpc.aws_subnet.elasticache",
            "module.vpc.data.aws_iam_policy_document.flow_log_cloudwatch_assume_role",
            "module.vpc.aws_network_acl.intra",
            "module.vpc.aws_network_acl_rule.database_outbound",
            "module.vpc.aws_route.public_internet_gateway_ipv6",
            "module.vpc.aws_route_table.redshift",
            "module.vpc.aws_route_table_association.elasticache",
            "module.vpc.aws_network_acl.elasticache",
            "module.vpc.aws_network_acl_rule.outpost_outbound",
            "module.vpc.aws_route.database_internet_gateway",
            "module.vpc.aws_vpn_gateway_route_propagation.public",
            "module.my-cluster.aws_security_group.cluster",
            "module.vpc.aws_iam_role.vpc_flow_log_cloudwatch",
            "module.vpc.aws_iam_role_policy_attachment.vpc_flow_log_cloudwatch",
            "module.vpc.aws_route.database_nat_gateway",
            "module.vpc.aws_route_table_association.public"
          ],
          "create_before_destroy": true
        }
      ]
    },
    {
      "module": "module.vpc",
      "mode": "managed",
      "type": "aws_eip",
      "name": "nat",
      "provider": "provider[\"registry.terraform.io/hashicorp/aws\"]",
      "instances": [
        {
          "index_key": 0,
          "schema_version": 0,
          "attributes": {
            "address": null,
            "allocation_id": null,
            "associate_with_private_ip": null,
            "association_id": "eipassoc-0cdfbdc3734426990",
            "carrier_ip": "",
            "customer_owned_ip": "",
            "customer_owned_ipv4_pool": "",
            "domain": "vpc",
            "id": "eipalloc-04a34898a8df7c49a",
            "instance": "",
            "network_border_group": "us-east-1",
            "network_interface": "eni-0b785e98cbc43ebaf",
            "private_dns": "ip-10-0-101-192.ec2.internal",
            "private_ip": "10.0.101.192",
            "public_dns": "ec2-18-214-92-110.compute-1.amazonaws.com",
            "public_ip": "18.214.92.110",
            "public_ipv4_pool": "amazon",
            "tags": {
              "Environment": "dev",
              "Name": "app-us-east-1a"
            },
            "tags_all": {
              "Environment": "dev",
              "Name": "app-us-east-1a"
            },
            "timeouts": null,
            "vpc": true
          },
          "sensitive_attributes": [],
          "private": "eyJlMmJmYjczMC1lY2FhLTExZTYtOGY4OC0zNDM2M2JjN2M0YzAiOnsiZGVsZXRlIjoxODAwMDAwMDAwMDAsInJlYWQiOjkwMDAwMDAwMDAwMCwidXBkYXRlIjozMDAwMDAwMDAwMDB9fQ==",
          "create_before_destroy": true
        },
        {
          "index_key": 1,
          "schema_version": 0,
          "attributes": {
            "address": null,
            "allocation_id": null,
            "associate_with_private_ip": null,
            "association_id": "eipassoc-048f6fbe9c8c54272",
            "carrier_ip": "",
            "customer_owned_ip": "",
            "customer_owned_ipv4_pool": "",
            "domain": "vpc",
            "id": "eipalloc-07b4a00fa1e21c53d",
            "instance": "",
            "network_border_group": "us-east-1",
            "network_interface": "eni-066707d16677688bb",
            "private_dns": "ip-10-0-102-212.ec2.internal",
            "private_ip": "10.0.102.212",
            "public_dns": "ec2-52-206-239-176.compute-1.amazonaws.com",
            "public_ip": "52.206.239.176",
            "public_ipv4_pool": "amazon",
            "tags": {
              "Environment": "dev",
              "Name": "app-us-east-1b"
            },
            "tags_all": {
              "Environment": "dev",
              "Name": "app-us-east-1b"
            },
            "timeouts": null,
            "vpc": true
          },
          "sensitive_attributes": [],
          "private": "eyJlMmJmYjczMC1lY2FhLTExZTYtOGY4OC0zNDM2M2JjN2M0YzAiOnsiZGVsZXRlIjoxODAwMDAwMDAwMDAsInJlYWQiOjkwMDAwMDAwMDAwMCwidXBkYXRlIjozMDAwMDAwMDAwMDB9fQ==",
          "create_before_destroy": true
        },
        {
          "index_key": 2,
          "schema_version": 0,
          "attributes": {
            "address": null,
            "allocation_id": null,
            "associate_with_private_ip": null,
            "association_id": "eipassoc-0d052ad275cc631c3",
            "carrier_ip": "",
            "customer_owned_ip": "",
            "customer_owned_ipv4_pool": "",
            "domain": "vpc",
            "id": "eipalloc-0f12f4cbadf9c02e1",
            "instance": "",
            "network_border_group": "us-east-1",
            "network_interface": "eni-05163017692305b40",
            "private_dns": "ip-10-0-103-112.ec2.internal",
            "private_ip": "10.0.103.112",
            "public_dns": "ec2-54-221-150-213.compute-1.amazonaws.com",
            "public_ip": "54.221.150.213",
            "public_ipv4_pool": "amazon",
            "tags": {
              "Environment": "dev",
              "Name": "app-us-east-1c"
            },
            "tags_all": {
              "Environment": "dev",
              "Name": "app-us-east-1c"
            },
            "timeouts": null,
            "vpc": true
          },
          "sensitive_attributes": [],
          "private": "eyJlMmJmYjczMC1lY2FhLTExZTYtOGY4OC0zNDM2M2JjN2M0YzAiOnsiZGVsZXRlIjoxODAwMDAwMDAwMDAsInJlYWQiOjkwMDAwMDAwMDAwMCwidXBkYXRlIjozMDAwMDAwMDAwMDB9fQ==",
          "create_before_destroy": true
        }
      ]
    },
    {
      "module": "module.vpc",
      "mode": "managed",
      "type": "aws_internet_gateway",
      "name": "this",
      "provider": "provider[\"registry.terraform.io/hashicorp/aws\"]",
      "instances": [
        {
          "index_key": 0,
          "schema_version": 0,
          "attributes": {
            "arn": "arn:aws:ec2:us-east-1:378344169585:internet-gateway/igw-0905c892b05c16d08",
            "id": "igw-0905c892b05c16d08",
            "owner_id": "378344169585",
            "tags": {
              "Environment": "dev",
              "Name": "app"
            },
            "tags_all": {
              "Environment": "dev",
              "Name": "app"
            },
            "vpc_id": "vpc-0ae3580bef7de2970"
          },
          "sensitive_attributes": [],
          "private": "bnVsbA==",
          "dependencies": [
            "module.vpc.aws_vpc.this",
            "module.vpc.aws_vpc_ipv4_cidr_block_association.this"
          ],
          "create_before_destroy": true
        }
      ]
    },
    {
      "module": "module.vpc",
      "mode": "managed",
      "type": "aws_nat_gateway",
      "name": "this",
      "provider": "provider[\"registry.terraform.io/hashicorp/aws\"]",
      "instances": [
        {
          "index_key": 0,
          "schema_version": 0,
          "attributes": {
            "allocation_id": "eipalloc-04a34898a8df7c49a",
            "id": "nat-064f28fbccf0a27e5",
            "network_interface_id": "eni-0b785e98cbc43ebaf",
            "private_ip": "10.0.101.192",
            "public_ip": "18.214.92.110",
            "subnet_id": "subnet-0901866b864c865ed",
            "tags": {
              "Environment": "dev",
              "Name": "app-us-east-1a"
            },
            "tags_all": {
              "Environment": "dev",
              "Name": "app-us-east-1a"
            }
          },
          "sensitive_attributes": [],
          "private": "bnVsbA==",
          "dependencies": [
            "module.vpc.aws_vpc.this",
            "module.vpc.aws_vpc_ipv4_cidr_block_association.this",
            "module.vpc.aws_eip.nat",
            "module.vpc.aws_internet_gateway.this",
            "module.vpc.aws_subnet.public"
          ],
          "create_before_destroy": true
        },
        {
          "index_key": 1,
          "schema_version": 0,
          "attributes": {
            "allocation_id": "eipalloc-07b4a00fa1e21c53d",
            "id": "nat-0d03f1d20d31cf727",
            "network_interface_id": "eni-066707d16677688bb",
            "private_ip": "10.0.102.212",
            "public_ip": "52.206.239.176",
            "subnet_id": "subnet-0c6b6c355db5f33e6",
            "tags": {
              "Environment": "dev",
              "Name": "app-us-east-1b"
            },
            "tags_all": {
              "Environment": "dev",
              "Name": "app-us-east-1b"
            }
          },
          "sensitive_attributes": [],
          "private": "bnVsbA==",
          "dependencies": [
            "module.vpc.aws_vpc_ipv4_cidr_block_association.this",
            "module.vpc.aws_eip.nat",
            "module.vpc.aws_internet_gateway.this",
            "module.vpc.aws_subnet.public",
            "module.vpc.aws_vpc.this"
          ],
          "create_before_destroy": true
        },
        {
          "index_key": 2,
          "schema_version": 0,
          "attributes": {
            "allocation_id": "eipalloc-0f12f4cbadf9c02e1",
            "id": "nat-0e238501897979b83",
            "network_interface_id": "eni-05163017692305b40",
            "private_ip": "10.0.103.112",
            "public_ip": "54.221.150.213",
            "subnet_id": "subnet-03b5621cd629c3b0f",
            "tags": {
              "Environment": "dev",
              "Name": "app-us-east-1c"
            },
            "tags_all": {
              "Environment": "dev",
              "Name": "app-us-east-1c"
            }
          },
          "sensitive_attributes": [],
          "private": "bnVsbA==",
          "dependencies": [
            "module.vpc.aws_subnet.public",
            "module.vpc.aws_vpc.this",
            "module.vpc.aws_vpc_ipv4_cidr_block_association.this",
            "module.vpc.aws_eip.nat",
            "module.vpc.aws_internet_gateway.this"
          ],
          "create_before_destroy": true
        }
      ]
    },
    {
      "module": "module.vpc",
      "mode": "managed",
      "type": "aws_route",
      "name": "private_nat_gateway",
      "provider": "provider[\"registry.terraform.io/hashicorp/aws\"]",
      "instances": [
        {
          "index_key": 0,
          "schema_version": 0,
          "attributes": {
            "carrier_gateway_id": "",
            "destination_cidr_block": "0.0.0.0/0",
            "destination_ipv6_cidr_block": "",
            "destination_prefix_list_id": "",
            "egress_only_gateway_id": "",
            "gateway_id": "",
            "id": "r-rtb-09737867672fae0571080289494",
            "instance_id": "",
            "instance_owner_id": "",
            "local_gateway_id": "",
            "nat_gateway_id": "nat-064f28fbccf0a27e5",
            "network_interface_id": "",
            "origin": "CreateRoute",
            "route_table_id": "rtb-09737867672fae057",
            "state": "active",
            "timeouts": {
              "create": "5m",
              "delete": null
            },
            "transit_gateway_id": "",
            "vpc_endpoint_id": "",
            "vpc_peering_connection_id": ""
          },
          "sensitive_attributes": [],
          "private": "eyJlMmJmYjczMC1lY2FhLTExZTYtOGY4OC0zNDM2M2JjN2M0YzAiOnsiY3JlYXRlIjozMDAwMDAwMDAwMDAsImRlbGV0ZSI6MzAwMDAwMDAwMDAwfX0=",
          "dependencies": [
            "module.vpc.aws_internet_gateway.this",
            "module.vpc.aws_nat_gateway.this",
            "module.vpc.aws_route_table.private",
            "module.vpc.aws_subnet.public",
            "module.vpc.aws_vpc.this",
            "module.vpc.aws_vpc_ipv4_cidr_block_association.this",
            "module.vpc.aws_eip.nat"
          ],
          "create_before_destroy": true
        },
        {
          "index_key": 1,
          "schema_version": 0,
          "attributes": {
            "carrier_gateway_id": "",
            "destination_cidr_block": "0.0.0.0/0",
            "destination_ipv6_cidr_block": "",
            "destination_prefix_list_id": "",
            "egress_only_gateway_id": "",
            "gateway_id": "",
            "id": "r-rtb-0ecc891f38323462e1080289494",
            "instance_id": "",
            "instance_owner_id": "",
            "local_gateway_id": "",
            "nat_gateway_id": "nat-0d03f1d20d31cf727",
            "network_interface_id": "",
            "origin": "CreateRoute",
            "route_table_id": "rtb-0ecc891f38323462e",
            "state": "active",
            "timeouts": {
              "create": "5m",
              "delete": null
            },
            "transit_gateway_id": "",
            "vpc_endpoint_id": "",
            "vpc_peering_connection_id": ""
          },
          "sensitive_attributes": [],
          "private": "eyJlMmJmYjczMC1lY2FhLTExZTYtOGY4OC0zNDM2M2JjN2M0YzAiOnsiY3JlYXRlIjozMDAwMDAwMDAwMDAsImRlbGV0ZSI6MzAwMDAwMDAwMDAwfX0=",
          "dependencies": [
            "module.vpc.aws_route_table.private",
            "module.vpc.aws_subnet.public",
            "module.vpc.aws_vpc.this",
            "module.vpc.aws_vpc_ipv4_cidr_block_association.this",
            "module.vpc.aws_eip.nat",
            "module.vpc.aws_internet_gateway.this",
            "module.vpc.aws_nat_gateway.this"
          ],
          "create_before_destroy": true
        },
        {
          "index_key": 2,
          "schema_version": 0,
          "attributes": {
            "carrier_gateway_id": "",
            "destination_cidr_block": "0.0.0.0/0",
            "destination_ipv6_cidr_block": "",
            "destination_prefix_list_id": "",
            "egress_only_gateway_id": "",
            "gateway_id": "",
            "id": "r-rtb-0964024c1e9865a1e1080289494",
            "instance_id": "",
            "instance_owner_id": "",
            "local_gateway_id": "",
            "nat_gateway_id": "nat-0e238501897979b83",
            "network_interface_id": "",
            "origin": "CreateRoute",
            "route_table_id": "rtb-0964024c1e9865a1e",
            "state": "active",
            "timeouts": {
              "create": "5m",
              "delete": null
            },
            "transit_gateway_id": "",
            "vpc_endpoint_id": "",
            "vpc_peering_connection_id": ""
          },
          "sensitive_attributes": [],
          "private": "eyJlMmJmYjczMC1lY2FhLTExZTYtOGY4OC0zNDM2M2JjN2M0YzAiOnsiY3JlYXRlIjozMDAwMDAwMDAwMDAsImRlbGV0ZSI6MzAwMDAwMDAwMDAwfX0=",
          "dependencies": [
            "module.vpc.aws_vpc.this",
            "module.vpc.aws_vpc_ipv4_cidr_block_association.this",
            "module.vpc.aws_eip.nat",
            "module.vpc.aws_internet_gateway.this",
            "module.vpc.aws_nat_gateway.this",
            "module.vpc.aws_route_table.private",
            "module.vpc.aws_subnet.public"
          ],
          "create_before_destroy": true
        }
      ]
    },
    {
      "module": "module.vpc",
      "mode": "managed",
      "type": "aws_route",
      "name": "public_internet_gateway",
      "provider": "provider[\"registry.terraform.io/hashicorp/aws\"]",
      "instances": [
        {
          "index_key": 0,
          "schema_version": 0,
          "attributes": {
            "carrier_gateway_id": "",
            "destination_cidr_block": "0.0.0.0/0",
            "destination_ipv6_cidr_block": "",
            "destination_prefix_list_id": "",
            "egress_only_gateway_id": "",
            "gateway_id": "igw-0905c892b05c16d08",
            "id": "r-rtb-01bfc5839aab2fc1a1080289494",
            "instance_id": "",
            "instance_owner_id": "",
            "local_gateway_id": "",
            "nat_gateway_id": "",
            "network_interface_id": "",
            "origin": "CreateRoute",
            "route_table_id": "rtb-01bfc5839aab2fc1a",
            "state": "active",
            "timeouts": {
              "create": "5m",
              "delete": null
            },
            "transit_gateway_id": "",
            "vpc_endpoint_id": "",
            "vpc_peering_connection_id": ""
          },
          "sensitive_attributes": [],
          "private": "eyJlMmJmYjczMC1lY2FhLTExZTYtOGY4OC0zNDM2M2JjN2M0YzAiOnsiY3JlYXRlIjozMDAwMDAwMDAwMDAsImRlbGV0ZSI6MzAwMDAwMDAwMDAwfX0=",
          "dependencies": [
            "module.vpc.aws_vpc_ipv4_cidr_block_association.this",
            "module.vpc.aws_internet_gateway.this",
            "module.vpc.aws_route_table.public",
            "module.vpc.aws_vpc.this"
          ],
          "create_before_destroy": true
        }
      ]
    },
    {
      "module": "module.vpc",
      "mode": "managed",
      "type": "aws_route_table",
      "name": "private",
      "provider": "provider[\"registry.terraform.io/hashicorp/aws\"]",
      "instances": [
        {
          "index_key": 0,
          "schema_version": 0,
          "attributes": {
            "arn": "arn:aws:ec2:us-east-1:378344169585:route-table/rtb-09737867672fae057",
            "id": "rtb-09737867672fae057",
            "owner_id": "378344169585",
            "propagating_vgws": [],
            "route": [
              {
                "carrier_gateway_id": "",
                "cidr_block": "0.0.0.0/0",
                "destination_prefix_list_id": "",
                "egress_only_gateway_id": "",
                "gateway_id": "",
                "instance_id": "",
                "ipv6_cidr_block": "",
                "local_gateway_id": "",
                "nat_gateway_id": "nat-064f28fbccf0a27e5",
                "network_interface_id": "",
                "transit_gateway_id": "",
                "vpc_endpoint_id": "",
                "vpc_peering_connection_id": ""
              }
            ],
            "tags": {
              "Environment": "dev",
              "Name": "app-test-us-east-1a"
            },
            "tags_all": {
              "Environment": "dev",
              "Name": "app-test-us-east-1a"
            },
            "vpc_id": "vpc-0ae3580bef7de2970"
          },
          "sensitive_attributes": [],
          "private": "bnVsbA==",
          "dependencies": [
            "module.vpc.aws_vpc.this",
            "module.vpc.aws_vpc_ipv4_cidr_block_association.this"
          ],
          "create_before_destroy": true
        },
        {
          "index_key": 1,
          "schema_version": 0,
          "attributes": {
            "arn": "arn:aws:ec2:us-east-1:378344169585:route-table/rtb-0ecc891f38323462e",
            "id": "rtb-0ecc891f38323462e",
            "owner_id": "378344169585",
            "propagating_vgws": [],
            "route": [
              {
                "carrier_gateway_id": "",
                "cidr_block": "0.0.0.0/0",
                "destination_prefix_list_id": "",
                "egress_only_gateway_id": "",
                "gateway_id": "",
                "instance_id": "",
                "ipv6_cidr_block": "",
                "local_gateway_id": "",
                "nat_gateway_id": "nat-0d03f1d20d31cf727",
                "network_interface_id": "",
                "transit_gateway_id": "",
                "vpc_endpoint_id": "",
                "vpc_peering_connection_id": ""
              }
            ],
            "tags": {
              "Environment": "dev",
              "Name": "app-test-us-east-1b"
            },
            "tags_all": {
              "Environment": "dev",
              "Name": "app-test-us-east-1b"
            },
            "vpc_id": "vpc-0ae3580bef7de2970"
          },
          "sensitive_attributes": [],
          "private": "bnVsbA==",
          "dependencies": [
            "module.vpc.aws_vpc_ipv4_cidr_block_association.this",
            "module.vpc.aws_vpc.this"
          ],
          "create_before_destroy": true
        },
        {
          "index_key": 2,
          "schema_version": 0,
          "attributes": {
            "arn": "arn:aws:ec2:us-east-1:378344169585:route-table/rtb-0964024c1e9865a1e",
            "id": "rtb-0964024c1e9865a1e",
            "owner_id": "378344169585",
            "propagating_vgws": [],
            "route": [
              {
                "carrier_gateway_id": "",
                "cidr_block": "0.0.0.0/0",
                "destination_prefix_list_id": "",
                "egress_only_gateway_id": "",
                "gateway_id": "",
                "instance_id": "",
                "ipv6_cidr_block": "",
                "local_gateway_id": "",
                "nat_gateway_id": "nat-0e238501897979b83",
                "network_interface_id": "",
                "transit_gateway_id": "",
                "vpc_endpoint_id": "",
                "vpc_peering_connection_id": ""
              }
            ],
            "tags": {
              "Environment": "dev",
              "Name": "app-test-us-east-1c"
            },
            "tags_all": {
              "Environment": "dev",
              "Name": "app-test-us-east-1c"
            },
            "vpc_id": "vpc-0ae3580bef7de2970"
          },
          "sensitive_attributes": [],
          "private": "bnVsbA==",
          "dependencies": [
            "module.vpc.aws_vpc.this",
            "module.vpc.aws_vpc_ipv4_cidr_block_association.this"
          ],
          "create_before_destroy": true
        }
      ]
    },
    {
      "module": "module.vpc",
      "mode": "managed",
      "type": "aws_route_table",
      "name": "public",
      "provider": "provider[\"registry.terraform.io/hashicorp/aws\"]",
      "instances": [
        {
          "index_key": 0,
          "schema_version": 0,
          "attributes": {
            "arn": "arn:aws:ec2:us-east-1:378344169585:route-table/rtb-01bfc5839aab2fc1a",
            "id": "rtb-01bfc5839aab2fc1a",
            "owner_id": "378344169585",
            "propagating_vgws": [],
            "route": [
              {
                "carrier_gateway_id": "",
                "cidr_block": "0.0.0.0/0",
                "destination_prefix_list_id": "",
                "egress_only_gateway_id": "",
                "gateway_id": "igw-0905c892b05c16d08",
                "instance_id": "",
                "ipv6_cidr_block": "",
                "local_gateway_id": "",
                "nat_gateway_id": "",
                "network_interface_id": "",
                "transit_gateway_id": "",
                "vpc_endpoint_id": "",
                "vpc_peering_connection_id": ""
              }
            ],
            "tags": {
              "Environment": "dev",
              "Name": "app-public"
            },
            "tags_all": {
              "Environment": "dev",
              "Name": "app-public"
            },
            "vpc_id": "vpc-0ae3580bef7de2970"
          },
          "sensitive_attributes": [],
          "private": "bnVsbA==",
          "dependencies": [
            "module.vpc.aws_vpc.this",
            "module.vpc.aws_vpc_ipv4_cidr_block_association.this"
          ],
          "create_before_destroy": true
        }
      ]
    },
    {
      "module": "module.vpc",
      "mode": "managed",
      "type": "aws_route_table_association",
      "name": "private",
      "provider": "provider[\"registry.terraform.io/hashicorp/aws\"]",
      "instances": [
        {
          "index_key": 0,
          "schema_version": 0,
          "attributes": {
            "gateway_id": null,
            "id": "rtbassoc-0b55cb968d85b41bc",
            "route_table_id": "rtb-09737867672fae057",
            "subnet_id": "subnet-081189bcc5983e952"
          },
          "sensitive_attributes": [],
          "private": "bnVsbA==",
          "dependencies": [
            "module.vpc.aws_route_table.private",
            "module.vpc.aws_subnet.private",
            "module.vpc.aws_vpc.this",
            "module.vpc.aws_vpc_ipv4_cidr_block_association.this"
          ],
          "create_before_destroy": true
        },
        {
          "index_key": 1,
          "schema_version": 0,
          "attributes": {
            "gateway_id": null,
            "id": "rtbassoc-075077a1c09cf9925",
            "route_table_id": "rtb-0ecc891f38323462e",
            "subnet_id": "subnet-09a2d652578d5dc10"
          },
          "sensitive_attributes": [],
          "private": "bnVsbA==",
          "dependencies": [
            "module.vpc.aws_vpc_ipv4_cidr_block_association.this",
            "module.vpc.aws_route_table.private",
            "module.vpc.aws_subnet.private",
            "module.vpc.aws_vpc.this"
          ],
          "create_before_destroy": true
        },
        {
          "index_key": 2,
          "schema_version": 0,
          "attributes": {
            "gateway_id": null,
            "id": "rtbassoc-0d1012c6f8095fa56",
            "route_table_id": "rtb-0964024c1e9865a1e",
            "subnet_id": "subnet-0c0ad544f9e4482cb"
          },
          "sensitive_attributes": [],
          "private": "bnVsbA==",
          "dependencies": [
            "module.vpc.aws_route_table.private",
            "module.vpc.aws_subnet.private",
            "module.vpc.aws_vpc.this",
            "module.vpc.aws_vpc_ipv4_cidr_block_association.this"
          ],
          "create_before_destroy": true
        }
      ]
    },
    {
      "module": "module.vpc",
      "mode": "managed",
      "type": "aws_route_table_association",
      "name": "public",
      "provider": "provider[\"registry.terraform.io/hashicorp/aws\"]",
      "instances": [
        {
          "index_key": 0,
          "schema_version": 0,
          "attributes": {
            "gateway_id": null,
            "id": "rtbassoc-0fed9d5320cecda0d",
            "route_table_id": "rtb-01bfc5839aab2fc1a",
            "subnet_id": "subnet-0901866b864c865ed"
          },
          "sensitive_attributes": [],
          "private": "bnVsbA==",
          "dependencies": [
            "module.vpc.aws_vpc_ipv4_cidr_block_association.this",
            "module.vpc.aws_route_table.public",
            "module.vpc.aws_subnet.public",
            "module.vpc.aws_vpc.this"
          ],
          "create_before_destroy": true
        },
        {
          "index_key": 1,
          "schema_version": 0,
          "attributes": {
            "gateway_id": null,
            "id": "rtbassoc-00027e1a1cfd98577",
            "route_table_id": "rtb-01bfc5839aab2fc1a",
            "subnet_id": "subnet-0c6b6c355db5f33e6"
          },
          "sensitive_attributes": [],
          "private": "bnVsbA==",
          "dependencies": [
            "module.vpc.aws_route_table.public",
            "module.vpc.aws_subnet.public",
            "module.vpc.aws_vpc.this",
            "module.vpc.aws_vpc_ipv4_cidr_block_association.this"
          ],
          "create_before_destroy": true
        },
        {
          "index_key": 2,
          "schema_version": 0,
          "attributes": {
            "gateway_id": null,
            "id": "rtbassoc-05503d35f206c4ff9",
            "route_table_id": "rtb-01bfc5839aab2fc1a",
            "subnet_id": "subnet-03b5621cd629c3b0f"
          },
          "sensitive_attributes": [],
          "private": "bnVsbA==",
          "dependencies": [
            "module.vpc.aws_route_table.public",
            "module.vpc.aws_subnet.public",
            "module.vpc.aws_vpc.this",
            "module.vpc.aws_vpc_ipv4_cidr_block_association.this"
          ],
          "create_before_destroy": true
        }
      ]
    },
    {
      "module": "module.vpc",
      "mode": "managed",
      "type": "aws_subnet",
      "name": "private",
      "provider": "provider[\"registry.terraform.io/hashicorp/aws\"]",
      "instances": [
        {
          "index_key": 0,
          "schema_version": 1,
          "attributes": {
            "arn": "arn:aws:ec2:us-east-1:378344169585:subnet/subnet-081189bcc5983e952",
            "assign_ipv6_address_on_creation": false,
            "availability_zone": "us-east-1a",
            "availability_zone_id": "use1-az2",
            "cidr_block": "10.0.1.0/24",
            "customer_owned_ipv4_pool": "",
            "id": "subnet-081189bcc5983e952",
            "ipv6_cidr_block": "",
            "ipv6_cidr_block_association_id": "",
            "map_customer_owned_ip_on_launch": false,
            "map_public_ip_on_launch": false,
            "outpost_arn": "",
            "owner_id": "378344169585",
            "tags": {
              "Environment": "dev",
              "Name": "app-test-us-east-1a",
              "kubernetes.io/cluster/testing": "shared"
            },
            "tags_all": {
              "Environment": "dev",
              "Name": "app-test-us-east-1a",
              "kubernetes.io/cluster/testing": "shared"
            },
            "timeouts": null,
            "vpc_id": "vpc-0ae3580bef7de2970"
          },
          "sensitive_attributes": [],
          "private": "eyJlMmJmYjczMC1lY2FhLTExZTYtOGY4OC0zNDM2M2JjN2M0YzAiOnsiY3JlYXRlIjo2MDAwMDAwMDAwMDAsImRlbGV0ZSI6MTIwMDAwMDAwMDAwMH0sInNjaGVtYV92ZXJzaW9uIjoiMSJ9",
          "dependencies": [
            "module.vpc.aws_vpc_ipv4_cidr_block_association.this",
            "module.vpc.aws_vpc.this"
          ],
          "create_before_destroy": true
        },
        {
          "index_key": 1,
          "schema_version": 1,
          "attributes": {
            "arn": "arn:aws:ec2:us-east-1:378344169585:subnet/subnet-09a2d652578d5dc10",
            "assign_ipv6_address_on_creation": false,
            "availability_zone": "us-east-1b",
            "availability_zone_id": "use1-az4",
            "cidr_block": "10.0.2.0/24",
            "customer_owned_ipv4_pool": "",
            "id": "subnet-09a2d652578d5dc10",
            "ipv6_cidr_block": "",
            "ipv6_cidr_block_association_id": "",
            "map_customer_owned_ip_on_launch": false,
            "map_public_ip_on_launch": false,
            "outpost_arn": "",
            "owner_id": "378344169585",
            "tags": {
              "Environment": "dev",
              "Name": "app-test-us-east-1b",
              "kubernetes.io/cluster/testing": "shared"
            },
            "tags_all": {
              "Environment": "dev",
              "Name": "app-test-us-east-1b",
              "kubernetes.io/cluster/testing": "shared"
            },
            "timeouts": null,
            "vpc_id": "vpc-0ae3580bef7de2970"
          },
          "sensitive_attributes": [],
          "private": "eyJlMmJmYjczMC1lY2FhLTExZTYtOGY4OC0zNDM2M2JjN2M0YzAiOnsiY3JlYXRlIjo2MDAwMDAwMDAwMDAsImRlbGV0ZSI6MTIwMDAwMDAwMDAwMH0sInNjaGVtYV92ZXJzaW9uIjoiMSJ9",
          "dependencies": [
            "module.vpc.aws_vpc.this",
            "module.vpc.aws_vpc_ipv4_cidr_block_association.this"
          ],
          "create_before_destroy": true
        },
        {
          "index_key": 2,
          "schema_version": 1,
          "attributes": {
            "arn": "arn:aws:ec2:us-east-1:378344169585:subnet/subnet-0c0ad544f9e4482cb",
            "assign_ipv6_address_on_creation": false,
            "availability_zone": "us-east-1c",
            "availability_zone_id": "use1-az6",
            "cidr_block": "10.0.3.0/24",
            "customer_owned_ipv4_pool": "",
            "id": "subnet-0c0ad544f9e4482cb",
            "ipv6_cidr_block": "",
            "ipv6_cidr_block_association_id": "",
            "map_customer_owned_ip_on_launch": false,
            "map_public_ip_on_launch": false,
            "outpost_arn": "",
            "owner_id": "378344169585",
            "tags": {
              "Environment": "dev",
              "Name": "app-test-us-east-1c",
              "kubernetes.io/cluster/testing": "shared"
            },
            "tags_all": {
              "Environment": "dev",
              "Name": "app-test-us-east-1c",
              "kubernetes.io/cluster/testing": "shared"
            },
            "timeouts": null,
            "vpc_id": "vpc-0ae3580bef7de2970"
          },
          "sensitive_attributes": [],
          "private": "eyJlMmJmYjczMC1lY2FhLTExZTYtOGY4OC0zNDM2M2JjN2M0YzAiOnsiY3JlYXRlIjo2MDAwMDAwMDAwMDAsImRlbGV0ZSI6MTIwMDAwMDAwMDAwMH0sInNjaGVtYV92ZXJzaW9uIjoiMSJ9",
          "dependencies": [
            "module.vpc.aws_vpc_ipv4_cidr_block_association.this",
            "module.vpc.aws_vpc.this"
          ],
          "create_before_destroy": true
        }
      ]
    },
    {
      "module": "module.vpc",
      "mode": "managed",
      "type": "aws_subnet",
      "name": "public",
      "provider": "provider[\"registry.terraform.io/hashicorp/aws\"]",
      "instances": [
        {
          "index_key": 0,
          "schema_version": 1,
          "attributes": {
            "arn": "arn:aws:ec2:us-east-1:378344169585:subnet/subnet-0901866b864c865ed",
            "assign_ipv6_address_on_creation": false,
            "availability_zone": "us-east-1a",
            "availability_zone_id": "use1-az2",
            "cidr_block": "10.0.101.0/24",
            "customer_owned_ipv4_pool": "",
            "id": "subnet-0901866b864c865ed",
            "ipv6_cidr_block": "",
            "ipv6_cidr_block_association_id": "",
            "map_customer_owned_ip_on_launch": false,
            "map_public_ip_on_launch": true,
            "outpost_arn": "",
            "owner_id": "378344169585",
            "tags": {
              "Environment": "dev",
              "Name": "app-public-us-east-1a"
            },
            "tags_all": {
              "Environment": "dev",
              "Name": "app-public-us-east-1a"
            },
            "timeouts": null,
            "vpc_id": "vpc-0ae3580bef7de2970"
          },
          "sensitive_attributes": [],
          "private": "eyJlMmJmYjczMC1lY2FhLTExZTYtOGY4OC0zNDM2M2JjN2M0YzAiOnsiY3JlYXRlIjo2MDAwMDAwMDAwMDAsImRlbGV0ZSI6MTIwMDAwMDAwMDAwMH0sInNjaGVtYV92ZXJzaW9uIjoiMSJ9",
          "dependencies": [
            "module.vpc.aws_vpc_ipv4_cidr_block_association.this",
            "module.vpc.aws_vpc.this"
          ],
          "create_before_destroy": true
        },
        {
          "index_key": 1,
          "schema_version": 1,
          "attributes": {
            "arn": "arn:aws:ec2:us-east-1:378344169585:subnet/subnet-0c6b6c355db5f33e6",
            "assign_ipv6_address_on_creation": false,
            "availability_zone": "us-east-1b",
            "availability_zone_id": "use1-az4",
            "cidr_block": "10.0.102.0/24",
            "customer_owned_ipv4_pool": "",
            "id": "subnet-0c6b6c355db5f33e6",
            "ipv6_cidr_block": "",
            "ipv6_cidr_block_association_id": "",
            "map_customer_owned_ip_on_launch": false,
            "map_public_ip_on_launch": true,
            "outpost_arn": "",
            "owner_id": "378344169585",
            "tags": {
              "Environment": "dev",
              "Name": "app-public-us-east-1b"
            },
            "tags_all": {
              "Environment": "dev",
              "Name": "app-public-us-east-1b"
            },
            "timeouts": null,
            "vpc_id": "vpc-0ae3580bef7de2970"
          },
          "sensitive_attributes": [],
          "private": "eyJlMmJmYjczMC1lY2FhLTExZTYtOGY4OC0zNDM2M2JjN2M0YzAiOnsiY3JlYXRlIjo2MDAwMDAwMDAwMDAsImRlbGV0ZSI6MTIwMDAwMDAwMDAwMH0sInNjaGVtYV92ZXJzaW9uIjoiMSJ9",
          "dependencies": [
            "module.vpc.aws_vpc_ipv4_cidr_block_association.this",
            "module.vpc.aws_vpc.this"
          ],
          "create_before_destroy": true
        },
        {
          "index_key": 2,
          "schema_version": 1,
          "attributes": {
            "arn": "arn:aws:ec2:us-east-1:378344169585:subnet/subnet-03b5621cd629c3b0f",
            "assign_ipv6_address_on_creation": false,
            "availability_zone": "us-east-1c",
            "availability_zone_id": "use1-az6",
            "cidr_block": "10.0.103.0/24",
            "customer_owned_ipv4_pool": "",
            "id": "subnet-03b5621cd629c3b0f",
            "ipv6_cidr_block": "",
            "ipv6_cidr_block_association_id": "",
            "map_customer_owned_ip_on_launch": false,
            "map_public_ip_on_launch": true,
            "outpost_arn": "",
            "owner_id": "378344169585",
            "tags": {
              "Environment": "dev",
              "Name": "app-public-us-east-1c"
            },
            "tags_all": {
              "Environment": "dev",
              "Name": "app-public-us-east-1c"
            },
            "timeouts": null,
            "vpc_id": "vpc-0ae3580bef7de2970"
          },
          "sensitive_attributes": [],
          "private": "eyJlMmJmYjczMC1lY2FhLTExZTYtOGY4OC0zNDM2M2JjN2M0YzAiOnsiY3JlYXRlIjo2MDAwMDAwMDAwMDAsImRlbGV0ZSI6MTIwMDAwMDAwMDAwMH0sInNjaGVtYV92ZXJzaW9uIjoiMSJ9",
          "dependencies": [
            "module.vpc.aws_vpc.this",
            "module.vpc.aws_vpc_ipv4_cidr_block_association.this"
          ],
          "create_before_destroy": true
        }
      ]
    },
    {
      "module": "module.vpc",
      "mode": "managed",
      "type": "aws_vpc",
      "name": "this",
      "provider": "provider[\"registry.terraform.io/hashicorp/aws\"]",
      "instances": [
        {
          "index_key": 0,
          "schema_version": 1,
          "attributes": {
            "arn": "arn:aws:ec2:us-east-1:378344169585:vpc/vpc-0ae3580bef7de2970",
            "assign_generated_ipv6_cidr_block": false,
            "cidr_block": "10.0.0.0/16",
            "default_network_acl_id": "acl-0467b6cfc71828c0c",
            "default_route_table_id": "rtb-0f31db9ade5def455",
            "default_security_group_id": "sg-0a7be7f2a8a72716c",
            "dhcp_options_id": "dopt-07ff0f3d9d6361972",
            "enable_classiclink": false,
            "enable_classiclink_dns_support": false,
            "enable_dns_hostnames": false,
            "enable_dns_support": true,
            "id": "vpc-0ae3580bef7de2970",
            "instance_tenancy": "default",
            "ipv6_association_id": "",
            "ipv6_cidr_block": "",
            "main_route_table_id": "rtb-0f31db9ade5def455",
            "owner_id": "378344169585",
            "tags": {
              "Environment": "dev",
              "Name": "app"
            },
            "tags_all": {
              "Environment": "dev",
              "Name": "app"
            }
          },
          "sensitive_attributes": [],
          "private": "eyJzY2hlbWFfdmVyc2lvbiI6IjEifQ==",
          "create_before_destroy": true
        }
      ]
    }
  ]
}
